
Microsoft Visual Studio Solution File, Format Version 12.00
# Visual Studio Version 17
VisualStudioVersion = 17.4.33110.190
MinimumVisualStudioVersion = 10.0.40219.1
Project("{9A19103F-16F7-4668-BE54-9A1E7A4F7556}") = "Charts", "Charts\Charts.csproj", "{139F9C4C-024C-4C12-AD3F-4A6E81111804}"
EndProject
Project("{FAE04EC0-301F-11D3-BF4B-00C04F79EFBC}") = "WebApplication2", "WebApplication2\WebApplication2.csproj", "{3B6394C9-2D26-4A27-9970-2A2226DB884D}"
EndProject
Global
	GlobalSection(SolutionConfigurationPlatforms) = preSolution
		Debug|Any CPU = Debug|Any CPU
		Release|Any CPU = Release|Any CPU
	EndGlobalSection
	GlobalSection(ProjectConfigurationPlatforms) = postSolution
		{139F9C4C-024C-4C12-AD3F-4A6E81111804}.Debug|Any CPU.ActiveCfg = Debug|Any CPU
		{139F9C4C-024C-4C12-AD3F-4A6E81111804}.Debug|Any CPU.Build.0 = Debug|Any CPU
		{139F9C4C-024C-4C12-AD3F-4A6E81111804}.Release|Any CPU.ActiveCfg = Release|Any CPU
		{139F9C4C-024C-4C12-AD3F-4A6E81111804}.Release|Any CPU.Build.0 = Release|Any CPU
		{3B6394C9-2D26-4A27-9970-2A2226DB884D}.Debug|Any CPU.ActiveCfg = Debug|Any CPU
		{3B6394C9-2D26-4A27-9970-2A2226DB884D}.Debug|Any CPU.Build.0 = Debug|Any CPU
		{3B6394C9-2D26-4A27-9970-2A2226DB884D}.Release|Any CPU.ActiveCfg = Release|Any CPU
		{3B6394C9-2D26-4A27-9970-2A2226DB884D}.Release|Any CPU.Build.0 = Release|Any CPU
	EndGlobalSection
	GlobalSection(SolutionProperties) = preSolution
		HideSolutionNode = FALSE
	EndGlobalSection
	GlobalSection(ExtensibilityGlobals) = postSolution
		SolutionGuid = {57279081-8994-4F27-8EC5-52B3E486A04D}
	EndGlobalSection
EndGlobal
